# This file is automatically @generated by pesde.
# It is not intended for manual editing.
format = 2
name = "daimond113/lexi"
version = "0.1.0"
target = "roblox"

[graph."wally#centau/vide@0.3.1 roblox"]
direct = ["vide", { wally = "wally#centau/vide", version = "^0.3.1", index = "default" }, "peer"]

[graph."wally#centau/vide@0.3.1 roblox".pkg_ref]
ref_ty = "wally"
index_url = "https://github.com/UpliftGames/wally-index"
